
Microsoft Visual Studio Solution File, Format Version 12.00
# Visual Studio Version 17
VisualStudioVersion = 17.3.32929.385
MinimumVisualStudioVersion = 10.0.40219.1
Project("{FAE04EC0-301F-11D3-BF4B-00C04F79EFBC}") = "LABS-CORE", "LABS-CORE\LABS-CORE.csproj", "{14F4998E-F20A-4DF9-B261-13797F0796DC}"
EndProject
Global
	GlobalSection(SolutionConfigurationPlatforms) = preSolution
		Debug|Any CPU = Debug|Any CPU
		Release|Any CPU = Release|Any CPU
	EndGlobalSection
	GlobalSection(ProjectConfigurationPlatforms) = postSolution
		{14F4998E-F20A-4DF9-B261-13797F0796DC}.Debug|Any CPU.ActiveCfg = Debug|Any CPU
		{14F4998E-F20A-4DF9-B261-13797F0796DC}.Debug|Any CPU.Build.0 = Debug|Any CPU
		{14F4998E-F20A-4DF9-B261-13797F0796DC}.Release|Any CPU.ActiveCfg = Release|Any CPU
		{14F4998E-F20A-4DF9-B261-13797F0796DC}.Release|Any CPU.Build.0 = Release|Any CPU
	EndGlobalSection
	GlobalSection(SolutionProperties) = preSolution
		HideSolutionNode = FALSE
	EndGlobalSection
	GlobalSection(ExtensibilityGlobals) = postSolution
		SolutionGuid = {C216C419-27AA-4B34-942F-30DC78C2BCE0}
	EndGlobalSection
EndGlobal
