
Microsoft Visual Studio Solution File, Format Version 12.00
# Visual Studio Version 17
VisualStudioVersion = 17.3.32929.385
MinimumVisualStudioVersion = 10.0.40219.1
Project("{FAE04EC0-301F-11D3-BF4B-00C04F79EFBC}") = "1zajecia", "1zajecia\1zajecia.csproj", "{5D7D4332-0673-4B86-82A9-76F664C6E543}"
EndProject
Global
	GlobalSection(SolutionConfigurationPlatforms) = preSolution
		Debug|Any CPU = Debug|Any CPU
		Release|Any CPU = Release|Any CPU
	EndGlobalSection
	GlobalSection(ProjectConfigurationPlatforms) = postSolution
		{5D7D4332-0673-4B86-82A9-76F664C6E543}.Debug|Any CPU.ActiveCfg = Debug|Any CPU
		{5D7D4332-0673-4B86-82A9-76F664C6E543}.Debug|Any CPU.Build.0 = Debug|Any CPU
		{5D7D4332-0673-4B86-82A9-76F664C6E543}.Release|Any CPU.ActiveCfg = Release|Any CPU
		{5D7D4332-0673-4B86-82A9-76F664C6E543}.Release|Any CPU.Build.0 = Release|Any CPU
	EndGlobalSection
	GlobalSection(SolutionProperties) = preSolution
		HideSolutionNode = FALSE
	EndGlobalSection
	GlobalSection(ExtensibilityGlobals) = postSolution
		SolutionGuid = {07918B8E-E424-43A7-B685-BC8819B34E6A}
	EndGlobalSection
EndGlobal
